
Microsoft Visual Studio Solution File, Format Version 12.00
# Visual Studio Version 16
VisualStudioVersion = 16.0.29409.12
MinimumVisualStudioVersion = 10.0.40219.1
Project("{FAE04EC0-301F-11D3-BF4B-00C04F79EFBC}") = "ComicBookGallery", "ComicBookGallery\ComicBookGallery.csproj", "{B436CE92-05AC-4D71-8F9D-7E19830453D1}"
EndProject
Global
	GlobalSection(SolutionConfigurationPlatforms) = preSolution
		Debug|Any CPU = Debug|Any CPU
		Release|Any CPU = Release|Any CPU
	EndGlobalSection
	GlobalSection(ProjectConfigurationPlatforms) = postSolution
		{B436CE92-05AC-4D71-8F9D-7E19830453D1}.Debug|Any CPU.ActiveCfg = Debug|Any CPU
		{B436CE92-05AC-4D71-8F9D-7E19830453D1}.Debug|Any CPU.Build.0 = Debug|Any CPU
		{B436CE92-05AC-4D71-8F9D-7E19830453D1}.Release|Any CPU.ActiveCfg = Release|Any CPU
		{B436CE92-05AC-4D71-8F9D-7E19830453D1}.Release|Any CPU.Build.0 = Release|Any CPU
	EndGlobalSection
	GlobalSection(SolutionProperties) = preSolution
		HideSolutionNode = FALSE
	EndGlobalSection
	GlobalSection(ExtensibilityGlobals) = postSolution
		SolutionGuid = {AA8DA563-0A07-4A05-BE7A-E914C91A7267}
	EndGlobalSection
EndGlobal
